
Microsoft Visual Studio Solution File, Format Version 12.00
# Visual Studio 2013
Project("{FAE04EC0-301F-11D3-BF4B-00C04F79EFBC}") = "AllShader.CSharp.Editor", "AllShader.CSharp.Editor.csproj", "{AACDEF9B-94D7-A9F7-5906-36814FCDA705}"
EndProject
Global
	GlobalSection(SolutionConfigurationPlatforms) = preSolution
		Debug|Any CPU = Debug|Any CPU
		Release|Any CPU = Release|Any CPU
	EndGlobalSection
	GlobalSection(ProjectConfigurationPlatforms) = postSolution
		{AACDEF9B-94D7-A9F7-5906-36814FCDA705}.Debug|Any CPU.ActiveCfg = Debug|Any CPU
		{AACDEF9B-94D7-A9F7-5906-36814FCDA705}.Debug|Any CPU.Build.0 = Debug|Any CPU
		{AACDEF9B-94D7-A9F7-5906-36814FCDA705}.Release|Any CPU.ActiveCfg = Release|Any CPU
		{AACDEF9B-94D7-A9F7-5906-36814FCDA705}.Release|Any CPU.Build.0 = Release|Any CPU
	EndGlobalSection
	GlobalSection(SolutionProperties) = preSolution
		HideSolutionNode = FALSE
	EndGlobalSection
EndGlobal
