
Microsoft Visual Studio Solution File, Format Version 12.00
# Visual Studio 2013
Project("{FAE04EC0-301F-11D3-BF4B-00C04F79EFBC}") = "Mecanim Example.CSharp", "Mecanim Example.CSharp.csproj", "{7D66F6EA-0B41-A09A-E37D-2415265B4147}"
EndProject
Global
	GlobalSection(SolutionConfigurationPlatforms) = preSolution
		Debug|Any CPU = Debug|Any CPU
		Release|Any CPU = Release|Any CPU
	EndGlobalSection
	GlobalSection(ProjectConfigurationPlatforms) = postSolution
		{7D66F6EA-0B41-A09A-E37D-2415265B4147}.Debug|Any CPU.ActiveCfg = Debug|Any CPU
		{7D66F6EA-0B41-A09A-E37D-2415265B4147}.Debug|Any CPU.Build.0 = Debug|Any CPU
		{7D66F6EA-0B41-A09A-E37D-2415265B4147}.Release|Any CPU.ActiveCfg = Release|Any CPU
		{7D66F6EA-0B41-A09A-E37D-2415265B4147}.Release|Any CPU.Build.0 = Release|Any CPU
	EndGlobalSection
	GlobalSection(SolutionProperties) = preSolution
		HideSolutionNode = FALSE
	EndGlobalSection
EndGlobal
