
Microsoft Visual Studio Solution File, Format Version 12.00
# Visual Studio 2013
Project("{FAE04EC0-301F-11D3-BF4B-00C04F79EFBC}") = "Unity Particle Pack.CSharp", "Unity Particle Pack.CSharp.csproj", "{B9562FB3-EFD5-D965-8109-E81B9D805785}"
EndProject
Project("{FAE04EC0-301F-11D3-BF4B-00C04F79EFBC}") = "Unity Particle Pack.CSharp.Editor", "Unity Particle Pack.CSharp.Editor.csproj", "{FFE8F5EC-74D6-5E62-F0F1-8FB921B492B9}"
EndProject
Global
	GlobalSection(SolutionConfigurationPlatforms) = preSolution
		Debug|Any CPU = Debug|Any CPU
		Release|Any CPU = Release|Any CPU
	EndGlobalSection
	GlobalSection(ProjectConfigurationPlatforms) = postSolution
		{B9562FB3-EFD5-D965-8109-E81B9D805785}.Debug|Any CPU.ActiveCfg = Debug|Any CPU
		{B9562FB3-EFD5-D965-8109-E81B9D805785}.Debug|Any CPU.Build.0 = Debug|Any CPU
		{B9562FB3-EFD5-D965-8109-E81B9D805785}.Release|Any CPU.ActiveCfg = Release|Any CPU
		{B9562FB3-EFD5-D965-8109-E81B9D805785}.Release|Any CPU.Build.0 = Release|Any CPU
		{FFE8F5EC-74D6-5E62-F0F1-8FB921B492B9}.Debug|Any CPU.ActiveCfg = Debug|Any CPU
		{FFE8F5EC-74D6-5E62-F0F1-8FB921B492B9}.Debug|Any CPU.Build.0 = Debug|Any CPU
		{FFE8F5EC-74D6-5E62-F0F1-8FB921B492B9}.Release|Any CPU.ActiveCfg = Release|Any CPU
		{FFE8F5EC-74D6-5E62-F0F1-8FB921B492B9}.Release|Any CPU.Build.0 = Release|Any CPU
	EndGlobalSection
	GlobalSection(SolutionProperties) = preSolution
		HideSolutionNode = FALSE
	EndGlobalSection
EndGlobal
