
Microsoft Visual Studio Solution File, Format Version 12.00
# Visual Studio 2013
Project("{FAE04EC0-301F-11D3-BF4B-00C04F79EFBC}") = "Nature Starter Kit 2.CSharp", "Nature Starter Kit 2.CSharp.csproj", "{8FECAD2D-F7FB-56F3-8019-CBE3C2127885}"
EndProject
Project("{FAE04EC0-301F-11D3-BF4B-00C04F79EFBC}") = "Nature Starter Kit 2.CSharp.Editor", "Nature Starter Kit 2.CSharp.Editor.csproj", "{05983EFD-4169-9F7C-9F02-277B5047AB90}"
EndProject
Global
	GlobalSection(SolutionConfigurationPlatforms) = preSolution
		Debug|Any CPU = Debug|Any CPU
		Release|Any CPU = Release|Any CPU
	EndGlobalSection
	GlobalSection(ProjectConfigurationPlatforms) = postSolution
		{8FECAD2D-F7FB-56F3-8019-CBE3C2127885}.Debug|Any CPU.ActiveCfg = Debug|Any CPU
		{8FECAD2D-F7FB-56F3-8019-CBE3C2127885}.Debug|Any CPU.Build.0 = Debug|Any CPU
		{8FECAD2D-F7FB-56F3-8019-CBE3C2127885}.Release|Any CPU.ActiveCfg = Release|Any CPU
		{8FECAD2D-F7FB-56F3-8019-CBE3C2127885}.Release|Any CPU.Build.0 = Release|Any CPU
		{05983EFD-4169-9F7C-9F02-277B5047AB90}.Debug|Any CPU.ActiveCfg = Debug|Any CPU
		{05983EFD-4169-9F7C-9F02-277B5047AB90}.Debug|Any CPU.Build.0 = Debug|Any CPU
		{05983EFD-4169-9F7C-9F02-277B5047AB90}.Release|Any CPU.ActiveCfg = Release|Any CPU
		{05983EFD-4169-9F7C-9F02-277B5047AB90}.Release|Any CPU.Build.0 = Release|Any CPU
	EndGlobalSection
	GlobalSection(SolutionProperties) = preSolution
		HideSolutionNode = FALSE
	EndGlobalSection
EndGlobal
